PODS:
  - Flutter (1.0.0)
  - get_ip (0.0.1):
    - Flutter

DEPENDENCIES:
  - Flutter (from `.symlinks/flutter/ios`)
  - get_ip (from `.symlinks/plugins/get_ip/ios`)

EXTERNAL SOURCES:
  Flutter:
    :path: ".symlinks/flutter/ios"
  get_ip:
    :path: ".symlinks/plugins/get_ip/ios"

SPEC CHECKSUMS:
  Flutter: 0e3d915762c693b495b44d77113d4970485de6ec
  get_ip: c063133e0a399ae4089048c90d6a232cb2344846

PODFILE CHECKSUM: 10ae9c18d12c9ffc2275c9a159a3b1e281990db0

COCOAPODS: 1.8.1
